
Microsoft Visual Studio Solution File, Format Version 12.00
# Visual Studio 15
VisualStudioVersion = 15.0.27703.2000
MinimumVisualStudioVersion = 10.0.40219.1
Project("{FAE04EC0-301F-11D3-BF4B-00C04F79EFBC}") = "EconomiDay", "EconomiDay\EconomiDay.csproj", "{31C4E4E2-F1D7-4A59-9B20-D41AEE7F1E15}"
EndProject
Global
	GlobalSection(SolutionConfigurationPlatforms) = preSolution
		Debug|Any CPU = Debug|Any CPU
		Release|Any CPU = Release|Any CPU
	EndGlobalSection
	GlobalSection(ProjectConfigurationPlatforms) = postSolution
		{31C4E4E2-F1D7-4A59-9B20-D41AEE7F1E15}.Debug|Any CPU.ActiveCfg = Debug|Any CPU
		{31C4E4E2-F1D7-4A59-9B20-D41AEE7F1E15}.Debug|Any CPU.Build.0 = Debug|Any CPU
		{31C4E4E2-F1D7-4A59-9B20-D41AEE7F1E15}.Release|Any CPU.ActiveCfg = Release|Any CPU
		{31C4E4E2-F1D7-4A59-9B20-D41AEE7F1E15}.Release|Any CPU.Build.0 = Release|Any CPU
	EndGlobalSection
	GlobalSection(SolutionProperties) = preSolution
		HideSolutionNode = FALSE
	EndGlobalSection
	GlobalSection(ExtensibilityGlobals) = postSolution
		SolutionGuid = {C93870D8-8A56-4F39-BC87-C745502448B6}
	EndGlobalSection
EndGlobal
